// !$*UTF8*$!
{
	archiveVersion = 1;
	classes = {
	};
	objectVersion = 55;
	objects = {

/* Begin PBXBuildFile section */
		DDD56CA62700AF1100B63266 /* AppActivityViewerApp.swift in Sources */ = {isa = PBXBuildFile; fileRef = DDD56CA52700AF1100B63266 /* AppActivityViewerApp.swift */; };
		DDD56CA82700AF1100B63266 /* AppActivityViewerDocument.swift in Sources */ = {isa = PBXBuildFile; fileRef = DDD56CA72700AF1100B63266 /* AppActivityViewerDocument.swift */; };
		DDD56CAA2700AF1100B63266 /* ContentView.swift in Sources */ = {isa = PBXBuildFile; fileRef = DDD56CA92700AF1100B63266 /* ContentView.swift */; };
		DDD56CAC2700AF1300B63266 /* Assets.xcassets in Resources */ = {isa = PBXBuildFile; fileRef = DDD56CAB2700AF1300B63266 /* Assets.xcassets */; };
		DDD56CAF2700AF1300B63266 /* Preview Assets.xcassets in Resources */ = {isa = PBXBuildFile; fileRef = DDD56CAE2700AF1300B63266 /* Preview Assets.xcassets */; };
		DDD56CB72700C7C300B63266 /* Model.swift in Sources */ = {isa = PBXBuildFile; fileRef = DDD56CB62700C7C300B63266 /* Model.swift */; };
		DDD56CB92700DB5900B63266 /* AppEntry.swift in Sources */ = {isa = PBXBuildFile; fileRef = DDD56CB82700DB5900B63266 /* AppEntry.swift */; };
		DDD56CBB2700E4F900B63266 /* DateExtensions.swift in Sources */ = {isa = PBXBuildFile; fileRef = DDD56CBA2700E4F900B63266 /* DateExtensions.swift */; };
/* End PBXBuildFile section */

/* Begin PBXFileReference section */
		DDD56CA22700AF1100B63266 /* AppActivityViewer.app */ = {isa = PBXFileReference; explicitFileType = wrapper.application; includeInIndex = 0; path = AppActivityViewer.app; sourceTree = BUILT_PRODUCTS_DIR; };
		DDD56CA52700AF1100B63266 /* AppActivityViewerApp.swift */ = {isa = PBXFileReference; lastKnownFileType = sourcecode.swift; path = AppActivityViewerApp.swift; sourceTree = "<group>"; };
		DDD56CA72700AF1100B63266 /* AppActivityViewerDocument.swift */ = {isa = PBXFileReference; lastKnownFileType = sourcecode.swift; path = AppActivityViewerDocument.swift; sourceTree = "<group>"; };
		DDD56CA92700AF1100B63266 /* ContentView.swift */ = {isa = PBXFileReference; lastKnownFileType = sourcecode.swift; path = ContentView.swift; sourceTree = "<group>"; };
		DDD56CAB2700AF1300B63266 /* Assets.xcassets */ = {isa = PBXFileReference; lastKnownFileType = folder.assetcatalog; path = Assets.xcassets; sourceTree = "<group>"; };
		DDD56CAE2700AF1300B63266 /* Preview Assets.xcassets */ = {isa = PBXFileReference; lastKnownFileType = folder.assetcatalog; path = "Preview Assets.xcassets"; sourceTree = "<group>"; };
		DDD56CB02700AF1300B63266 /* Info.plist */ = {isa = PBXFileReference; lastKnownFileType = text.plist.xml; path = Info.plist; sourceTree = "<group>"; };
		DDD56CB62700C7C300B63266 /* Model.swift */ = {isa = PBXFileReference; lastKnownFileType = sourcecode.swift; path = Model.swift; sourceTree = "<group>"; };
		DDD56CB82700DB5900B63266 /* AppEntry.swift */ = {isa = PBXFileReference; lastKnownFileType = sourcecode.swift; path = AppEntry.swift; sourceTree = "<group>"; };
		DDD56CBA2700E4F900B63266 /* DateExtensions.swift */ = {isa = PBXFileReference; lastKnownFileType = sourcecode.swift; path = DateExtensions.swift; sourceTree = "<group>"; };
/* End PBXFileReference section */

/* Begin PBXFrameworksBuildPhase section */
		DDD56C9F2700AF1100B63266 /* Frameworks */ = {
			isa = PBXFrameworksBuildPhase;
			buildActionMask = 2147483647;
			files = (
			);
			runOnlyForDeploymentPostprocessing = 0;
		};
/* End PBXFrameworksBuildPhase section */

/* Begin PBXGroup section */
		DDD56C992700AF1100B63266 = {
			isa = PBXGroup;
			children = (
				DDD56CA42700AF1100B63266 /* AppActivityViewer */,
				DDD56CA32700AF1100B63266 /* Products */,
			);
			sourceTree = "<group>";
		};
		DDD56CA32700AF1100B63266 /* Products */ = {
			isa = PBXGroup;
			children = (
				DDD56CA22700AF1100B63266 /* AppActivityViewer.app */,
			);
			name = Products;
			sourceTree = "<group>";
		};
		DDD56CA42700AF1100B63266 /* AppActivityViewer */ = {
			isa = PBXGroup;
			children = (
				DDD56CA52700AF1100B63266 /* AppActivityViewerApp.swift */,
				DDD56CA72700AF1100B63266 /* AppActivityViewerDocument.swift */,
				DDD56CA92700AF1100B63266 /* ContentView.swift */,
				DDD56CAB2700AF1300B63266 /* Assets.xcassets */,
				DDD56CB02700AF1300B63266 /* Info.plist */,
				DDD56CAD2700AF1300B63266 /* Preview Content */,
				DDD56CB62700C7C300B63266 /* Model.swift */,
				DDD56CB82700DB5900B63266 /* AppEntry.swift */,
				DDD56CBA2700E4F900B63266 /* DateExtensions.swift */,
			);
			path = AppActivityViewer;
			sourceTree = "<group>";
		};
		DDD56CAD2700AF1300B63266 /* Preview Content */ = {
			isa = PBXGroup;
			children = (
				DDD56CAE2700AF1300B63266 /* Preview Assets.xcassets */,
			);
			path = "Preview Content";
			sourceTree = "<group>";
		};
/* End PBXGroup section */

/* Begin PBXNativeTarget section */
		DDD56CA12700AF1100B63266 /* AppActivityViewer */ = {
			isa = PBXNativeTarget;
			buildConfigurationList = DDD56CB32700AF1300B63266 /* Build configuration list for PBXNativeTarget "AppActivityViewer" */;
			buildPhases = (
				DDD56C9E2700AF1100B63266 /* Sources */,
				DDD56C9F2700AF1100B63266 /* Frameworks */,
				DDD56CA02700AF1100B63266 /* Resources */,
			);
			buildRules = (
			);
			dependencies = (
			);
			name = AppActivityViewer;
			productName = AppActivityViewer;
			productReference = DDD56CA22700AF1100B63266 /* AppActivityViewer.app */;
			productType = "com.apple.product-type.application";
		};
/* End PBXNativeTarget section */

/* Begin PBXProject section */
		DDD56C9A2700AF1100B63266 /* Project object */ = {
			isa = PBXProject;
			attributes = {
				BuildIndependentTargetsInParallel = 1;
				LastSwiftUpdateCheck = 1300;
				LastUpgradeCheck = 1300;
				TargetAttributes = {
					DDD56CA12700AF1100B63266 = {
						CreatedOnToolsVersion = 13.0;
					};
				};
			};
			buildConfigurationList = DDD56C9D2700AF1100B63266 /* Build configuration list for PBXProject "AppActivityViewer" */;
			compatibilityVersion = "Xcode 13.0";
			developmentRegion = en;
			hasScannedForEncodings = 0;
			knownRegions = (
				en,
				Base,
			);
			mainGroup = DDD56C992700AF1100B63266;
			productRefGroup = DDD56CA32700AF1100B63266 /* Products */;
			projectDirPath = "";
			projectRoot = "";
			targets = (
				DDD56CA12700AF1100B63266 /* AppActivityViewer */,
			);
		};
/* End PBXProject section */

/* Begin PBXResourcesBuildPhase section */
		DDD56CA02700AF1100B63266 /* Resources */ = {
			isa = PBXResourcesBuildPhase;
			buildActionMask = 2147483647;
			files = (
				DDD56CAF2700AF1300B63266 /* Preview Assets.xcassets in Resources */,
				DDD56CAC2700AF1300B63266 /* Assets.xcassets in Resources */,
			);
			runOnlyForDeploymentPostprocessing = 0;
		};
/* End PBXResourcesBuildPhase section */

/* Begin PBXSourcesBuildPhase section */
		DDD56C9E2700AF1100B63266 /* Sources */ = {
			isa = PBXSourcesBuildPhase;
			buildActionMask = 2147483647;
			files = (
				DDD56CA62700AF1100B63266 /* AppActivityViewerApp.swift in Sources */,
				DDD56CA82700AF1100B63266 /* AppActivityViewerDocument.swift in Sources */,
				DDD56CB92700DB5900B63266 /* AppEntry.swift in Sources */,
				DDD56CAA2700AF1100B63266 /* ContentView.swift in Sources */,
				DDD56CB72700C7C300B63266 /* Model.swift in Sources */,
				DDD56CBB2700E4F900B63266 /* DateExtensions.swift in Sources */,
			);
			runOnlyForDeploymentPostprocessing = 0;
		};
/* End PBXSourcesBuildPhase section */

/* Begin XCBuildConfiguration section */
		DDD56CB12700AF1300B63266 /* Debug */ = {
			isa = XCBuildConfiguration;
			buildSettings = {
				ALWAYS_SEARCH_USER_PATHS = NO;
				CLANG_ANALYZER_NONNULL = YES;
				CLANG_ANALYZER_NUMBER_OBJECT_CONVERSION = YES_AGGRESSIVE;
				CLANG_CXX_LANGUAGE_STANDARD = "gnu++17";
				CLANG_CXX_LIBRARY = "libc++";
				CLANG_ENABLE_MODULES = YES;
				CLANG_ENABLE_OBJC_ARC = YES;
				CLANG_ENABLE_OBJC_WEAK = YES;
				CLANG_WARN_BLOCK_CAPTURE_AUTORELEASING = YES;
				CLANG_WARN_BOOL_CONVERSION = YES;
				CLANG_WARN_COMMA = YES;
				CLANG_WARN_CONSTANT_CONVERSION = YES;
				CLANG_WARN_DEPRECATED_OBJC_IMPLEMENTATIONS = YES;
				CLANG_WARN_DIRECT_OBJC_ISA_USAGE = YES_ERROR;
				CLANG_WARN_DOCUMENTATION_COMMENTS = YES;
				CLANG_WARN_EMPTY_BODY = YES;
				CLANG_WARN_ENUM_CONVERSION = YES;
				CLANG_WARN_INFINITE_RECURSION = YES;
				CLANG_WARN_INT_CONVERSION = YES;
				CLANG_WARN_NON_LITERAL_NULL_CONVERSION = YES;
				CLANG_WARN_OBJC_IMPLICIT_RETAIN_SELF = YES;
				CLANG_WARN_OBJC_LITERAL_CONVERSION = YES;
				CLANG_WARN_OBJC_ROOT_CLASS = YES_ERROR;
				CLANG_WARN_QUOTED_INCLUDE_IN_FRAMEWORK_HEADER = YES;
				CLANG_WARN_RANGE_LOOP_ANALYSIS = YES;
				CLANG_WARN_STRICT_PROTOTYPES = YES;
				CLANG_WARN_SUSPICIOUS_MOVE = YES;
				CLANG_WARN_UNGUARDED_AVAILABILITY = YES_AGGRESSIVE;
				CLANG_WARN_UNREACHABLE_CODE = YES;
				CLANG_WARN__DUPLICATE_METHOD_MATCH = YES;
				COPY_PHASE_STRIP = NO;
				DEBUG_INFORMATION_FORMAT = dwarf;
				ENABLE_STRICT_OBJC_MSGSEND = YES;
				ENABLE_TESTABILITY = YES;
				GCC_C_LANGUAGE_STANDARD = gnu11;
				GCC_DYNAMIC_NO_PIC = NO;
				GCC_NO_COMMON_BLOCKS = YES;
				GCC_OPTIMIZATION_LEVEL = 0;
				GCC_PREPROCESSOR_DEFINITIONS = (
					"DEBUG=1",
					"$(inherited)",
				);
				GCC_WARN_64_TO_32_BIT_CONVERSION = YES;
				GCC_WARN_ABOUT_RETURN_TYPE = YES_ERROR;
				GCC_WARN_UNDECLARED_SELECTOR = YES;
				GCC_WARN_UNINITIALIZED_AUTOS = YES_AGGRESSIVE;
				GCC_WARN_UNUSED_FUNCTION = YES;
				GCC_WARN_UNUSED_VARIABLE = YES;
				IPHONEOS_DEPLOYMENT_TARGET = 15.0;
				MTL_ENABLE_DEBUG_INFO = INCLUDE_SOURCE;
				MTL_FAST_MATH = YES;
				ONLY_ACTIVE_ARCH = YES;
				SDKROOT = iphoneos;
				SWIFT_ACTIVE_COMPILATION_CONDITIONS = DEBUG;
				SWIFT_OPTIMIZATION_LEVEL = "-Onone";
			};
			name = Debug;
		};
		DDD56CB22700AF1300B63266 /* Release */ = {
			isa = XCBuildConfiguration;
			buildSettings = {
				ALWAYS_SEARCH_USER_PATHS = NO;
				CLANG_ANALYZER_NONNULL = YES;
				CLANG_ANALYZER_NUMBER_OBJECT_CONVERSION = YES_AGGRESSIVE;
				CLANG_CXX_LANGUAGE_STANDARD = "gnu++17";
				CLANG_CXX_LIBRARY = "libc++";
				CLANG_ENABLE_MODULES = YES;
				CLANG_ENABLE_OBJC_ARC = YES;
				CLANG_ENABLE_OBJC_WEAK = YES;
				CLANG_WARN_BLOCK_CAPTURE_AUTORELEASING = YES;
				CLANG_WARN_BOOL_CONVERSION = YES;
				CLANG_WARN_COMMA = YES;
				CLANG_WARN_CONSTANT_CONVERSION = YES;
				CLANG_WARN_DEPRECATED_OBJC_IMPLEMENTATIONS = YES;
				CLANG_WARN_DIRECT_OBJC_ISA_USAGE = YES_ERROR;
				CLANG_WARN_DOCUMENTATION_COMMENTS = YES;
				CLANG_WARN_EMPTY_BODY = YES;
				CLANG_WARN_ENUM_CONVERSION = YES;
				CLANG_WARN_INFINITE_RECURSION = YES;
				CLANG_WARN_INT_CONVERSION = YES;
				CLANG_WARN_NON_LITERAL_NULL_CONVERSION = YES;
				CLANG_WARN_OBJC_IMPLICIT_RETAIN_SELF = YES;
				CLANG_WARN_OBJC_LITERAL_CONVERSION = YES;
				CLANG_WARN_OBJC_ROOT_CLASS = YES_ERROR;
				CLANG_WARN_QUOTED_INCLUDE_IN_FRAMEWORK_HEADER = YES;
				CLANG_WARN_RANGE_LOOP_ANALYSIS = YES;
				CLANG_WARN_STRICT_PROTOTYPES = YES;
				CLANG_WARN_SUSPICIOUS_MOVE = YES;
				CLANG_WARN_UNGUARDED_AVAILABILITY = YES_AGGRESSIVE;
				CLANG_WARN_UNREACHABLE_CODE = YES;
				CLANG_WARN__DUPLICATE_METHOD_MATCH = YES;
				COPY_PHASE_STRIP = NO;
				DEBUG_INFORMATION_FORMAT = "dwarf-with-dsym";
				ENABLE_NS_ASSERTIONS = NO;
				ENABLE_STRICT_OBJC_MSGSEND = YES;
				GCC_C_LANGUAGE_STANDARD = gnu11;
				GCC_NO_COMMON_BLOCKS = YES;
				GCC_WARN_64_TO_32_BIT_CONVERSION = YES;
				GCC_WARN_ABOUT_RETURN_TYPE = YES_ERROR;
				GCC_WARN_UNDECLARED_SELECTOR = YES;
				GCC_WARN_UNINITIALIZED_AUTOS = YES_AGGRESSIVE;
				GCC_WARN_UNUSED_FUNCTION = YES;
				GCC_WARN_UNUSED_VARIABLE = YES;
				IPHONEOS_DEPLOYMENT_TARGET = 15.0;
				MTL_ENABLE_DEBUG_INFO = NO;
				MTL_FAST_MATH = YES;
				SDKROOT = iphoneos;
				SWIFT_COMPILATION_MODE = wholemodule;
				SWIFT_OPTIMIZATION_LEVEL = "-O";
				VALIDATE_PRODUCT = YES;
			};
			name = Release;
		};
		DDD56CB42700AF1300B63266 /* Debug */ = {
			isa = XCBuildConfiguration;
			buildSettings = {
				ASSETCATALOG_COMPILER_APPICON_NAME = AppIcon;
				ASSETCATALOG_COMPILER_GLOBAL_ACCENT_COLOR_NAME = AccentColor;
				ASSETCATALOG_COMPILER_INCLUDE_ALL_APPICON_ASSETS = YES;
				CODE_SIGN_STYLE = Automatic;
				CURRENT_PROJECT_VERSION = 1;
				DEVELOPMENT_ASSET_PATHS = "\"AppActivityViewer/Preview Content\"";
				DEVELOPMENT_TEAM = 9MD9DV36EY;
				ENABLE_PREVIEWS = YES;
				GENERATE_INFOPLIST_FILE = YES;
				INFOPLIST_FILE = AppActivityViewer/Info.plist;
				INFOPLIST_KEY_CFBundleDisplayName = "App Activity Viewer";
				INFOPLIST_KEY_UIApplicationSceneManifest_Generation = YES;
				INFOPLIST_KEY_UIApplicationSupportsIndirectInputEvents = YES;
				INFOPLIST_KEY_UILaunchScreen_Generation = YES;
				INFOPLIST_KEY_UISupportedInterfaceOrientations_iPad = "UIInterfaceOrientationPortrait UIInterfaceOrientationPortraitUpsideDown UIInterfaceOrientationLandscapeLeft UIInterfaceOrientationLandscapeRight";
				INFOPLIST_KEY_UISupportedInterfaceOrientations_iPhone = "UIInterfaceOrientationPortrait UIInterfaceOrientationLandscapeLeft UIInterfaceOrientationLandscapeRight";
				INFOPLIST_KEY_UISupportsDocumentBrowser = YES;
				IPHONEOS_DEPLOYMENT_TARGET = 14.0;
				LD_RUNPATH_SEARCH_PATHS = (
					"$(inherited)",
					"@executable_path/Frameworks",
				);
				MARKETING_VERSION = 1.0;
				PRODUCT_BUNDLE_IDENTIFIER = de.jannikarndt.AppActivityViewer;
				PRODUCT_NAME = "$(TARGET_NAME)";
				SWIFT_EMIT_LOC_STRINGS = YES;
				SWIFT_VERSION = 5.0;
				TARGETED_DEVICE_FAMILY = "1,2";
			};
			name = Debug;
		};
		DDD56CB52700AF1300B63266 /* Release */ = {
			isa = XCBuildConfiguration;
			buildSettings = {
				ASSETCATALOG_COMPILER_APPICON_NAME = AppIcon;
				ASSETCATALOG_COMPILER_GLOBAL_ACCENT_COLOR_NAME = AccentColor;
				ASSETCATALOG_COMPILER_INCLUDE_ALL_APPICON_ASSETS = YES;
				CODE_SIGN_STYLE = Automatic;
				CURRENT_PROJECT_VERSION = 1;
				DEVELOPMENT_ASSET_PATHS = "\"AppActivityViewer/Preview Content\"";
				DEVELOPMENT_TEAM = 9MD9DV36EY;
				ENABLE_PREVIEWS = YES;
				GENERATE_INFOPLIST_FILE = YES;
				INFOPLIST_FILE = AppActivityViewer/Info.plist;
				INFOPLIST_KEY_CFBundleDisplayName = "App Activity Viewer";
				INFOPLIST_KEY_UIApplicationSceneManifest_Generation = YES;
				INFOPLIST_KEY_UIApplicationSupportsIndirectInputEvents = YES;
				INFOPLIST_KEY_UILaunchScreen_Generation = YES;
				INFOPLIST_KEY_UISupportedInterfaceOrientations_iPad = "UIInterfaceOrientationPortrait UIInterfaceOrientationPortraitUpsideDown UIInterfaceOrientationLandscapeLeft UIInterfaceOrientationLandscapeRight";
				INFOPLIST_KEY_UISupportedInterfaceOrientations_iPhone = "UIInterfaceOrientationPortrait UIInterfaceOrientationLandscapeLeft UIInterfaceOrientationLandscapeRight";
				INFOPLIST_KEY_UISupportsDocumentBrowser = YES;
				IPHONEOS_DEPLOYMENT_TARGET = 14.0;
				LD_RUNPATH_SEARCH_PATHS = (
					"$(inherited)",
					"@executable_path/Frameworks",
				);
				MARKETING_VERSION = 1.0;
				PRODUCT_BUNDLE_IDENTIFIER = de.jannikarndt.AppActivityViewer;
				PRODUCT_NAME = "$(TARGET_NAME)";
				SWIFT_EMIT_LOC_STRINGS = YES;
				SWIFT_VERSION = 5.0;
				TARGETED_DEVICE_FAMILY = "1,2";
			};
			name = Release;
		};
/* End XCBuildConfiguration section */

/* Begin XCConfigurationList section */
		DDD56C9D2700AF1100B63266 /* Build configuration list for PBXProject "AppActivityViewer" */ = {
			isa = XCConfigurationList;
			buildConfigurations = (
				DDD56CB12700AF1300B63266 /* Debug */,
				DDD56CB22700AF1300B63266 /* Release */,
			);
			defaultConfigurationIsVisible = 0;
			defaultConfigurationName = Release;
		};
		DDD56CB32700AF1300B63266 /* Build configuration list for PBXNativeTarget "AppActivityViewer" */ = {
			isa = XCConfigurationList;
			buildConfigurations = (
				DDD56CB42700AF1300B63266 /* Debug */,
				DDD56CB52700AF1300B63266 /* Release */,
			);
			defaultConfigurationIsVisible = 0;
			defaultConfigurationName = Release;
		};
/* End XCConfigurationList section */
	};
	rootObject = DDD56C9A2700AF1100B63266 /* Project object */;
}
